
Microsoft Visual Studio Solution File, Format Version 12.00
# Visual Studio 15
VisualStudioVersion = 15.0.26124.0
MinimumVisualStudioVersion = 15.0.26124.0
Project("{2150E333-8FDC-42A3-9474-1A3956D46DE8}") = "src", "src", "{A4DF744D-86AF-40C4-A7DF-63610B73776E}"
EndProject
Project("{2150E333-8FDC-42A3-9474-1A3956D46DE8}") = "Presentation", "Presentation", "{629AB9D5-DEFE-4B05-B454-802589C4F224}"
EndProject
Project("{FAE04EC0-301F-11D3-BF4B-00C04F79EFBC}") = "AVS.MicroRabbitmq.Presentation.MVC", "src\Presentation\AVS.MicroRabbitmq.Presentation.MVC\AVS.MicroRabbitmq.Presentation.MVC.csproj", "{514BD409-1797-44DB-BEC9-11BF94DF9B9B}"
EndProject
Project("{2150E333-8FDC-42A3-9474-1A3956D46DE8}") = "Domain", "Domain", "{BDC785E8-96AF-4727-870C-21E348806FF4}"
EndProject
Project("{FAE04EC0-301F-11D3-BF4B-00C04F79EFBC}") = "AVS.MicroRabbitmq.Domain.Banking", "src\Domain\AVS.MicroRabbitmq.Domain.Banking\AVS.MicroRabbitmq.Domain.Banking.csproj", "{6A828419-A6E2-4628-9D71-A721051CC397}"
EndProject
Project("{FAE04EC0-301F-11D3-BF4B-00C04F79EFBC}") = "AVS.MicroRabbitmq.Domain.Core", "src\Domain\AVS.MicroRabbitmq.Domain.Core\AVS.MicroRabbitmq.Domain.Core.csproj", "{63FB090C-7CCA-4123-952C-3D39ADA9A7DB}"
EndProject
Project("{2150E333-8FDC-42A3-9474-1A3956D46DE8}") = "Application", "Application", "{6E1D32C8-179B-45D1-818E-6E15D7D67811}"
EndProject
Project("{FAE04EC0-301F-11D3-BF4B-00C04F79EFBC}") = "AVS.MicroRabbitmq.Application.Banking", "src\Application\AVS.MicroRabbitmq.Application.Banking\AVS.MicroRabbitmq.Application.Banking.csproj", "{3CB3DB2D-D837-46BF-AF2D-B9BAAF2083AB}"
EndProject
Project("{2150E333-8FDC-42A3-9474-1A3956D46DE8}") = "Infra", "Infra", "{9E04462D-2760-4171-B958-3EA9DAD05D9B}"
EndProject
Project("{FAE04EC0-301F-11D3-BF4B-00C04F79EFBC}") = "AVS.MicroRabbitmq.Infra.CrossCutting.Bus", "src\Infra\AVS.MicroRabbitmq.Infra.CrossCutting.Bus\AVS.MicroRabbitmq.Infra.CrossCutting.Bus.csproj", "{FBAFFB7B-3063-4C56-9531-115C14F88FE3}"
EndProject
Project("{FAE04EC0-301F-11D3-BF4B-00C04F79EFBC}") = "AVS.MicroRabbitmq.Infra.CrossCutting.IoC", "src\Infra\AVS.MicroRabbitmq.Infra.CrossCutting.IoC\AVS.MicroRabbitmq.Infra.CrossCutting.IoC.csproj", "{82068049-F433-4601-9869-22CAABB687C2}"
EndProject
Project("{FAE04EC0-301F-11D3-BF4B-00C04F79EFBC}") = "AVS.MicroRabbitmq.Infra.CrossCutting.Util", "src\Infra\AVS.MicroRabbitmq.Infra.CrossCutting.Util\AVS.MicroRabbitmq.Infra.CrossCutting.Util.csproj", "{1DEF7930-E746-442B-998A-35B3B0663851}"
EndProject
Project("{FAE04EC0-301F-11D3-BF4B-00C04F79EFBC}") = "AVS.MicroRabbitmq.Infra.Data.SQL.MySQL", "src\Infra\AVS.MicroRabbitmq.Infra.Data.SQL.MySQL\AVS.MicroRabbitmq.Infra.Data.SQL.MySQL.csproj", "{F283A833-9ED9-472D-AC35-9FC906652EE8}"
EndProject
Project("{2150E333-8FDC-42A3-9474-1A3956D46DE8}") = "Services", "Services", "{1EA894AC-EE2A-4229-AE2C-4CA6DCF2F508}"
EndProject
Project("{FAE04EC0-301F-11D3-BF4B-00C04F79EFBC}") = "AVS.MicroRabbitmq.Services.BankingAPI", "src\Services\AVS.MicroRabbitmq.Services.BankingAPI\AVS.MicroRabbitmq.Services.BankingAPI.csproj", "{496F2239-A486-49ED-A03D-F9B68A5BDF39}"
EndProject
Global
	GlobalSection(SolutionConfigurationPlatforms) = preSolution
		Debug|Any CPU = Debug|Any CPU
		Debug|x64 = Debug|x64
		Debug|x86 = Debug|x86
		Release|Any CPU = Release|Any CPU
		Release|x64 = Release|x64
		Release|x86 = Release|x86
	EndGlobalSection
	GlobalSection(SolutionProperties) = preSolution
		HideSolutionNode = FALSE
	EndGlobalSection
	GlobalSection(ProjectConfigurationPlatforms) = postSolution
		{514BD409-1797-44DB-BEC9-11BF94DF9B9B}.Debug|Any CPU.ActiveCfg = Debug|Any CPU
		{514BD409-1797-44DB-BEC9-11BF94DF9B9B}.Debug|Any CPU.Build.0 = Debug|Any CPU
		{514BD409-1797-44DB-BEC9-11BF94DF9B9B}.Debug|x64.ActiveCfg = Debug|Any CPU
		{514BD409-1797-44DB-BEC9-11BF94DF9B9B}.Debug|x64.Build.0 = Debug|Any CPU
		{514BD409-1797-44DB-BEC9-11BF94DF9B9B}.Debug|x86.ActiveCfg = Debug|Any CPU
		{514BD409-1797-44DB-BEC9-11BF94DF9B9B}.Debug|x86.Build.0 = Debug|Any CPU
		{514BD409-1797-44DB-BEC9-11BF94DF9B9B}.Release|Any CPU.ActiveCfg = Release|Any CPU
		{514BD409-1797-44DB-BEC9-11BF94DF9B9B}.Release|Any CPU.Build.0 = Release|Any CPU
		{514BD409-1797-44DB-BEC9-11BF94DF9B9B}.Release|x64.ActiveCfg = Release|Any CPU
		{514BD409-1797-44DB-BEC9-11BF94DF9B9B}.Release|x64.Build.0 = Release|Any CPU
		{514BD409-1797-44DB-BEC9-11BF94DF9B9B}.Release|x86.ActiveCfg = Release|Any CPU
		{514BD409-1797-44DB-BEC9-11BF94DF9B9B}.Release|x86.Build.0 = Release|Any CPU
		{6A828419-A6E2-4628-9D71-A721051CC397}.Debug|Any CPU.ActiveCfg = Debug|Any CPU
		{6A828419-A6E2-4628-9D71-A721051CC397}.Debug|Any CPU.Build.0 = Debug|Any CPU
		{6A828419-A6E2-4628-9D71-A721051CC397}.Debug|x64.ActiveCfg = Debug|Any CPU
		{6A828419-A6E2-4628-9D71-A721051CC397}.Debug|x64.Build.0 = Debug|Any CPU
		{6A828419-A6E2-4628-9D71-A721051CC397}.Debug|x86.ActiveCfg = Debug|Any CPU
		{6A828419-A6E2-4628-9D71-A721051CC397}.Debug|x86.Build.0 = Debug|Any CPU
		{6A828419-A6E2-4628-9D71-A721051CC397}.Release|Any CPU.ActiveCfg = Release|Any CPU
		{6A828419-A6E2-4628-9D71-A721051CC397}.Release|Any CPU.Build.0 = Release|Any CPU
		{6A828419-A6E2-4628-9D71-A721051CC397}.Release|x64.ActiveCfg = Release|Any CPU
		{6A828419-A6E2-4628-9D71-A721051CC397}.Release|x64.Build.0 = Release|Any CPU
		{6A828419-A6E2-4628-9D71-A721051CC397}.Release|x86.ActiveCfg = Release|Any CPU
		{6A828419-A6E2-4628-9D71-A721051CC397}.Release|x86.Build.0 = Release|Any CPU
		{63FB090C-7CCA-4123-952C-3D39ADA9A7DB}.Debug|Any CPU.ActiveCfg = Debug|Any CPU
		{63FB090C-7CCA-4123-952C-3D39ADA9A7DB}.Debug|Any CPU.Build.0 = Debug|Any CPU
		{63FB090C-7CCA-4123-952C-3D39ADA9A7DB}.Debug|x64.ActiveCfg = Debug|Any CPU
		{63FB090C-7CCA-4123-952C-3D39ADA9A7DB}.Debug|x64.Build.0 = Debug|Any CPU
		{63FB090C-7CCA-4123-952C-3D39ADA9A7DB}.Debug|x86.ActiveCfg = Debug|Any CPU
		{63FB090C-7CCA-4123-952C-3D39ADA9A7DB}.Debug|x86.Build.0 = Debug|Any CPU
		{63FB090C-7CCA-4123-952C-3D39ADA9A7DB}.Release|Any CPU.ActiveCfg = Release|Any CPU
		{63FB090C-7CCA-4123-952C-3D39ADA9A7DB}.Release|Any CPU.Build.0 = Release|Any CPU
		{63FB090C-7CCA-4123-952C-3D39ADA9A7DB}.Release|x64.ActiveCfg = Release|Any CPU
		{63FB090C-7CCA-4123-952C-3D39ADA9A7DB}.Release|x64.Build.0 = Release|Any CPU
		{63FB090C-7CCA-4123-952C-3D39ADA9A7DB}.Release|x86.ActiveCfg = Release|Any CPU
		{63FB090C-7CCA-4123-952C-3D39ADA9A7DB}.Release|x86.Build.0 = Release|Any CPU
		{3CB3DB2D-D837-46BF-AF2D-B9BAAF2083AB}.Debug|Any CPU.ActiveCfg = Debug|Any CPU
		{3CB3DB2D-D837-46BF-AF2D-B9BAAF2083AB}.Debug|Any CPU.Build.0 = Debug|Any CPU
		{3CB3DB2D-D837-46BF-AF2D-B9BAAF2083AB}.Debug|x64.ActiveCfg = Debug|Any CPU
		{3CB3DB2D-D837-46BF-AF2D-B9BAAF2083AB}.Debug|x64.Build.0 = Debug|Any CPU
		{3CB3DB2D-D837-46BF-AF2D-B9BAAF2083AB}.Debug|x86.ActiveCfg = Debug|Any CPU
		{3CB3DB2D-D837-46BF-AF2D-B9BAAF2083AB}.Debug|x86.Build.0 = Debug|Any CPU
		{3CB3DB2D-D837-46BF-AF2D-B9BAAF2083AB}.Release|Any CPU.ActiveCfg = Release|Any CPU
		{3CB3DB2D-D837-46BF-AF2D-B9BAAF2083AB}.Release|Any CPU.Build.0 = Release|Any CPU
		{3CB3DB2D-D837-46BF-AF2D-B9BAAF2083AB}.Release|x64.ActiveCfg = Release|Any CPU
		{3CB3DB2D-D837-46BF-AF2D-B9BAAF2083AB}.Release|x64.Build.0 = Release|Any CPU
		{3CB3DB2D-D837-46BF-AF2D-B9BAAF2083AB}.Release|x86.ActiveCfg = Release|Any CPU
		{3CB3DB2D-D837-46BF-AF2D-B9BAAF2083AB}.Release|x86.Build.0 = Release|Any CPU
		{FBAFFB7B-3063-4C56-9531-115C14F88FE3}.Debug|Any CPU.ActiveCfg = Debug|Any CPU
		{FBAFFB7B-3063-4C56-9531-115C14F88FE3}.Debug|Any CPU.Build.0 = Debug|Any CPU
		{FBAFFB7B-3063-4C56-9531-115C14F88FE3}.Debug|x64.ActiveCfg = Debug|Any CPU
		{FBAFFB7B-3063-4C56-9531-115C14F88FE3}.Debug|x64.Build.0 = Debug|Any CPU
		{FBAFFB7B-3063-4C56-9531-115C14F88FE3}.Debug|x86.ActiveCfg = Debug|Any CPU
		{FBAFFB7B-3063-4C56-9531-115C14F88FE3}.Debug|x86.Build.0 = Debug|Any CPU
		{FBAFFB7B-3063-4C56-9531-115C14F88FE3}.Release|Any CPU.ActiveCfg = Release|Any CPU
		{FBAFFB7B-3063-4C56-9531-115C14F88FE3}.Release|Any CPU.Build.0 = Release|Any CPU
		{FBAFFB7B-3063-4C56-9531-115C14F88FE3}.Release|x64.ActiveCfg = Release|Any CPU
		{FBAFFB7B-3063-4C56-9531-115C14F88FE3}.Release|x64.Build.0 = Release|Any CPU
		{FBAFFB7B-3063-4C56-9531-115C14F88FE3}.Release|x86.ActiveCfg = Release|Any CPU
		{FBAFFB7B-3063-4C56-9531-115C14F88FE3}.Release|x86.Build.0 = Release|Any CPU
		{82068049-F433-4601-9869-22CAABB687C2}.Debug|Any CPU.ActiveCfg = Debug|Any CPU
		{82068049-F433-4601-9869-22CAABB687C2}.Debug|Any CPU.Build.0 = Debug|Any CPU
		{82068049-F433-4601-9869-22CAABB687C2}.Debug|x64.ActiveCfg = Debug|Any CPU
		{82068049-F433-4601-9869-22CAABB687C2}.Debug|x64.Build.0 = Debug|Any CPU
		{82068049-F433-4601-9869-22CAABB687C2}.Debug|x86.ActiveCfg = Debug|Any CPU
		{82068049-F433-4601-9869-22CAABB687C2}.Debug|x86.Build.0 = Debug|Any CPU
		{82068049-F433-4601-9869-22CAABB687C2}.Release|Any CPU.ActiveCfg = Release|Any CPU
		{82068049-F433-4601-9869-22CAABB687C2}.Release|Any CPU.Build.0 = Release|Any CPU
		{82068049-F433-4601-9869-22CAABB687C2}.Release|x64.ActiveCfg = Release|Any CPU
		{82068049-F433-4601-9869-22CAABB687C2}.Release|x64.Build.0 = Release|Any CPU
		{82068049-F433-4601-9869-22CAABB687C2}.Release|x86.ActiveCfg = Release|Any CPU
		{82068049-F433-4601-9869-22CAABB687C2}.Release|x86.Build.0 = Release|Any CPU
		{1DEF7930-E746-442B-998A-35B3B0663851}.Debug|Any CPU.ActiveCfg = Debug|Any CPU
		{1DEF7930-E746-442B-998A-35B3B0663851}.Debug|Any CPU.Build.0 = Debug|Any CPU
		{1DEF7930-E746-442B-998A-35B3B0663851}.Debug|x64.ActiveCfg = Debug|Any CPU
		{1DEF7930-E746-442B-998A-35B3B0663851}.Debug|x64.Build.0 = Debug|Any CPU
		{1DEF7930-E746-442B-998A-35B3B0663851}.Debug|x86.ActiveCfg = Debug|Any CPU
		{1DEF7930-E746-442B-998A-35B3B0663851}.Debug|x86.Build.0 = Debug|Any CPU
		{1DEF7930-E746-442B-998A-35B3B0663851}.Release|Any CPU.ActiveCfg = Release|Any CPU
		{1DEF7930-E746-442B-998A-35B3B0663851}.Release|Any CPU.Build.0 = Release|Any CPU
		{1DEF7930-E746-442B-998A-35B3B0663851}.Release|x64.ActiveCfg = Release|Any CPU
		{1DEF7930-E746-442B-998A-35B3B0663851}.Release|x64.Build.0 = Release|Any CPU
		{1DEF7930-E746-442B-998A-35B3B0663851}.Release|x86.ActiveCfg = Release|Any CPU
		{1DEF7930-E746-442B-998A-35B3B0663851}.Release|x86.Build.0 = Release|Any CPU
		{F283A833-9ED9-472D-AC35-9FC906652EE8}.Debug|Any CPU.ActiveCfg = Debug|Any CPU
		{F283A833-9ED9-472D-AC35-9FC906652EE8}.Debug|Any CPU.Build.0 = Debug|Any CPU
		{F283A833-9ED9-472D-AC35-9FC906652EE8}.Debug|x64.ActiveCfg = Debug|Any CPU
		{F283A833-9ED9-472D-AC35-9FC906652EE8}.Debug|x64.Build.0 = Debug|Any CPU
		{F283A833-9ED9-472D-AC35-9FC906652EE8}.Debug|x86.ActiveCfg = Debug|Any CPU
		{F283A833-9ED9-472D-AC35-9FC906652EE8}.Debug|x86.Build.0 = Debug|Any CPU
		{F283A833-9ED9-472D-AC35-9FC906652EE8}.Release|Any CPU.ActiveCfg = Release|Any CPU
		{F283A833-9ED9-472D-AC35-9FC906652EE8}.Release|Any CPU.Build.0 = Release|Any CPU
		{F283A833-9ED9-472D-AC35-9FC906652EE8}.Release|x64.ActiveCfg = Release|Any CPU
		{F283A833-9ED9-472D-AC35-9FC906652EE8}.Release|x64.Build.0 = Release|Any CPU
		{F283A833-9ED9-472D-AC35-9FC906652EE8}.Release|x86.ActiveCfg = Release|Any CPU
		{F283A833-9ED9-472D-AC35-9FC906652EE8}.Release|x86.Build.0 = Release|Any CPU
		{496F2239-A486-49ED-A03D-F9B68A5BDF39}.Debug|Any CPU.ActiveCfg = Debug|Any CPU
		{496F2239-A486-49ED-A03D-F9B68A5BDF39}.Debug|Any CPU.Build.0 = Debug|Any CPU
		{496F2239-A486-49ED-A03D-F9B68A5BDF39}.Debug|x64.ActiveCfg = Debug|Any CPU
		{496F2239-A486-49ED-A03D-F9B68A5BDF39}.Debug|x64.Build.0 = Debug|Any CPU
		{496F2239-A486-49ED-A03D-F9B68A5BDF39}.Debug|x86.ActiveCfg = Debug|Any CPU
		{496F2239-A486-49ED-A03D-F9B68A5BDF39}.Debug|x86.Build.0 = Debug|Any CPU
		{496F2239-A486-49ED-A03D-F9B68A5BDF39}.Release|Any CPU.ActiveCfg = Release|Any CPU
		{496F2239-A486-49ED-A03D-F9B68A5BDF39}.Release|Any CPU.Build.0 = Release|Any CPU
		{496F2239-A486-49ED-A03D-F9B68A5BDF39}.Release|x64.ActiveCfg = Release|Any CPU
		{496F2239-A486-49ED-A03D-F9B68A5BDF39}.Release|x64.Build.0 = Release|Any CPU
		{496F2239-A486-49ED-A03D-F9B68A5BDF39}.Release|x86.ActiveCfg = Release|Any CPU
		{496F2239-A486-49ED-A03D-F9B68A5BDF39}.Release|x86.Build.0 = Release|Any CPU
	EndGlobalSection
	GlobalSection(NestedProjects) = preSolution
		{629AB9D5-DEFE-4B05-B454-802589C4F224} = {A4DF744D-86AF-40C4-A7DF-63610B73776E}
		{514BD409-1797-44DB-BEC9-11BF94DF9B9B} = {629AB9D5-DEFE-4B05-B454-802589C4F224}
		{BDC785E8-96AF-4727-870C-21E348806FF4} = {A4DF744D-86AF-40C4-A7DF-63610B73776E}
		{6A828419-A6E2-4628-9D71-A721051CC397} = {BDC785E8-96AF-4727-870C-21E348806FF4}
		{63FB090C-7CCA-4123-952C-3D39ADA9A7DB} = {BDC785E8-96AF-4727-870C-21E348806FF4}
		{6E1D32C8-179B-45D1-818E-6E15D7D67811} = {A4DF744D-86AF-40C4-A7DF-63610B73776E}
		{3CB3DB2D-D837-46BF-AF2D-B9BAAF2083AB} = {6E1D32C8-179B-45D1-818E-6E15D7D67811}
		{9E04462D-2760-4171-B958-3EA9DAD05D9B} = {A4DF744D-86AF-40C4-A7DF-63610B73776E}
		{FBAFFB7B-3063-4C56-9531-115C14F88FE3} = {9E04462D-2760-4171-B958-3EA9DAD05D9B}
		{82068049-F433-4601-9869-22CAABB687C2} = {9E04462D-2760-4171-B958-3EA9DAD05D9B}
		{1DEF7930-E746-442B-998A-35B3B0663851} = {9E04462D-2760-4171-B958-3EA9DAD05D9B}
		{F283A833-9ED9-472D-AC35-9FC906652EE8} = {9E04462D-2760-4171-B958-3EA9DAD05D9B}
		{1EA894AC-EE2A-4229-AE2C-4CA6DCF2F508} = {A4DF744D-86AF-40C4-A7DF-63610B73776E}
		{496F2239-A486-49ED-A03D-F9B68A5BDF39} = {1EA894AC-EE2A-4229-AE2C-4CA6DCF2F508}
	EndGlobalSection
EndGlobal
